PODS:
  - ChainableAnimations (3.0.1)
  - ViewAnimator (2.2.2)

DEPENDENCIES:
  - ChainableAnimations (~> 3.0.1)
  - ViewAnimator

SPEC REPOS:
  trunk:
    - ChainableAnimations
    - ViewAnimator

SPEC CHECKSUMS:
  ChainableAnimations: 12e0a88e72fb554ad4cda38c40474e4d65c972a2
  ViewAnimator: 6eaa112663b6a2d9e6b2573df65b416dd051cbe4

PODFILE CHECKSUM: 6a636a95ba95193868a3d02c0870f227c6b2aaa8

COCOAPODS: 1.12.1
