// !$*UTF8*$!
{
	archiveVersion = 1;
	classes = {
	};
	objectVersion = 50;
	objects = {

/* Begin PBXBuildFile section */
		7F676B6C20FDA0FF8A59EA75 /* Pods_JungleLife.framework in Frameworks */ = {isa = PBXBuildFile; fileRef = 676B02FD1715E99C6853ED23 /* Pods_JungleLife.framework */; };
		A1128A7821E8F1DC00BCB3E7 /* Story1.mp4 in Resources */ = {isa = PBXBuildFile; fileRef = A1128A7521E8F1DB00BCB3E7 /* Story1.mp4 */; };
		A1128A7921E8F1DC00BCB3E7 /* Story2.mp4 in Resources */ = {isa = PBXBuildFile; fileRef = A1128A7621E8F1DB00BCB3E7 /* Story2.mp4 */; };
		A1128A7A21E8F1DC00BCB3E7 /* Story3.mp4 in Resources */ = {isa = PBXBuildFile; fileRef = A1128A7721E8F1DB00BCB3E7 /* Story3.mp4 */; };
		A128D00A22205472000609A9 /* LandscapeAVPlayerController.swift in Sources */ = {isa = PBXBuildFile; fileRef = A128D00922205472000609A9 /* LandscapeAVPlayerController.swift */; };
		A17ABBC321F37578003A0C05 /* JungleLife.xcdatamodeld in Sources */ = {isa = PBXBuildFile; fileRef = A17ABBC121F37578003A0C05 /* JungleLife.xcdatamodeld */; };
		A17ABBC621F375CD003A0C05 /* MyScore+CoreDataClass.swift in Sources */ = {isa = PBXBuildFile; fileRef = A17ABBC421F375CD003A0C05 /* MyScore+CoreDataClass.swift */; };
		A17ABBC721F375CD003A0C05 /* MyScore+CoreDataProperties.swift in Sources */ = {isa = PBXBuildFile; fileRef = A17ABBC521F375CD003A0C05 /* MyScore+CoreDataProperties.swift */; };
		A17ABBC921F39B9C003A0C05 /* TabScoreViewController.swift in Sources */ = {isa = PBXBuildFile; fileRef = A17ABBC821F39B9C003A0C05 /* TabScoreViewController.swift */; };
		A17ABBCB21F39E3F003A0C05 /* Ranking2ViewController.swift in Sources */ = {isa = PBXBuildFile; fileRef = A17ABBCA21F39E3F003A0C05 /* Ranking2ViewController.swift */; };
		A17ABBCD21F39E54003A0C05 /* Ranking3ViewController.swift in Sources */ = {isa = PBXBuildFile; fileRef = A17ABBCC21F39E54003A0C05 /* Ranking3ViewController.swift */; };
		A17ABBD221F39F98003A0C05 /* MyScore3+CoreDataClass.swift in Sources */ = {isa = PBXBuildFile; fileRef = A17ABBCE21F39F98003A0C05 /* MyScore3+CoreDataClass.swift */; };
		A17ABBD321F39F98003A0C05 /* MyScore3+CoreDataProperties.swift in Sources */ = {isa = PBXBuildFile; fileRef = A17ABBCF21F39F98003A0C05 /* MyScore3+CoreDataProperties.swift */; };
		A17ABBD421F39F98003A0C05 /* MyScore2+CoreDataClass.swift in Sources */ = {isa = PBXBuildFile; fileRef = A17ABBD021F39F98003A0C05 /* MyScore2+CoreDataClass.swift */; };
		A17ABBD521F39F98003A0C05 /* MyScore2+CoreDataProperties.swift in Sources */ = {isa = PBXBuildFile; fileRef = A17ABBD121F39F98003A0C05 /* MyScore2+CoreDataProperties.swift */; };
		A1AD333C22183BA40096C3E7 /* ViewAnimator.framework in Frameworks */ = {isa = PBXBuildFile; fileRef = A1AD333B22183BA40096C3E7 /* ViewAnimator.framework */; };
		A1B768AC21F4CB7300074A04 /* gameNow.mp3 in Resources */ = {isa = PBXBuildFile; fileRef = A1B768AB21F4CB7300074A04 /* gameNow.mp3 */; };
		A1B768AE21F4CC4000074A04 /* winM.mp3 in Resources */ = {isa = PBXBuildFile; fileRef = A1B768AD21F4CC3F00074A04 /* winM.mp3 */; };
		A1B768B121F4CE4B00074A04 /* hunterOh.wav in Resources */ = {isa = PBXBuildFile; fileRef = A1B768AF21F4CE4A00074A04 /* hunterOh.wav */; };
		A1B768B221F4CE4B00074A04 /* boyOh.wav in Resources */ = {isa = PBXBuildFile; fileRef = A1B768B021F4CE4A00074A04 /* boyOh.wav */; };
		A1E4B8F721F23FFD004C3E24 /* RankingViewController.swift in Sources */ = {isa = PBXBuildFile; fileRef = A1E4B8F621F23FFD004C3E24 /* RankingViewController.swift */; };
		A1E4F28021E4F5EB002461C8 /* WebViewController.swift in Sources */ = {isa = PBXBuildFile; fileRef = A1E4F27F21E4F5EB002461C8 /* WebViewController.swift */; };
		A1E4F28321E4F661002461C8 /* WebKit.framework in Frameworks */ = {isa = PBXBuildFile; fileRef = A1E4F28221E4F661002461C8 /* WebKit.framework */; };
		A1E5769C21F0CB7B00216231 /* WinViewController.swift in Sources */ = {isa = PBXBuildFile; fileRef = A1E5769B21F0CB7B00216231 /* WinViewController.swift */; };
		A1E5769E21F0E7E900216231 /* HowViewController.swift in Sources */ = {isa = PBXBuildFile; fileRef = A1E5769D21F0E7E900216231 /* HowViewController.swift */; };
		A1E576A021F0E9C500216231 /* MyTabViewController.swift in Sources */ = {isa = PBXBuildFile; fileRef = A1E5769F21F0E9C500216231 /* MyTabViewController.swift */; };
		A1E576A221F0EAA100216231 /* How2ViewController.swift in Sources */ = {isa = PBXBuildFile; fileRef = A1E576A121F0EAA100216231 /* How2ViewController.swift */; };
		A1E576A421F0EAB200216231 /* How3ViewController.swift in Sources */ = {isa = PBXBuildFile; fileRef = A1E576A321F0EAB200216231 /* How3ViewController.swift */; };
		A1E576A621F0EAC600216231 /* How4ViewController.swift in Sources */ = {isa = PBXBuildFile; fileRef = A1E576A521F0EAC600216231 /* How4ViewController.swift */; };
		A1E60F0E2211BEBC000B19CD /* ResultTVC.swift in Sources */ = {isa = PBXBuildFile; fileRef = A1E60F0D2211BEBC000B19CD /* ResultTVC.swift */; };
		A1E66C9C21EDF9B2002CB888 /* WordViewController.swift in Sources */ = {isa = PBXBuildFile; fileRef = A1E66C9B21EDF9B2002CB888 /* WordViewController.swift */; };
		A1E6C44B225CF1D20020C24D /* voice1 in Resources */ = {isa = PBXBuildFile; fileRef = A1E6C44A225CF1D20020C24D /* voice1 */; };
		A1E6C451225D044E0020C24D /* mainM.mp3 in Resources */ = {isa = PBXBuildFile; fileRef = A1E6C450225D044E0020C24D /* mainM.mp3 */; };
		A1E6C453225D062B0020C24D /* homeM.mp3 in Resources */ = {isa = PBXBuildFile; fileRef = A1E6C452225D062B0020C24D /* homeM.mp3 */; };
		A1E6C456225D06FC0020C24D /* game1M.mp3 in Resources */ = {isa = PBXBuildFile; fileRef = A1E6C454225D06FB0020C24D /* game1M.mp3 */; };
		A1E6C457225D06FC0020C24D /* game2M.mp3 in Resources */ = {isa = PBXBuildFile; fileRef = A1E6C455225D06FC0020C24D /* game2M.mp3 */; };
		A1E6C459225D07690020C24D /* game3M.mp3 in Resources */ = {isa = PBXBuildFile; fileRef = A1E6C458225D07690020C24D /* game3M.mp3 */; };
		A1E77E9021E64DA100D27662 /* G2MenuViewController.swift in Sources */ = {isa = PBXBuildFile; fileRef = A1E77E8F21E64DA100D27662 /* G2MenuViewController.swift */; };
		A1E77E9221E65E6900D27662 /* G3MenuViewController.swift in Sources */ = {isa = PBXBuildFile; fileRef = A1E77E9121E65E6900D27662 /* G3MenuViewController.swift */; };
		A1E89044224A819E00D2D683 /* Crow1.png in Resources */ = {isa = PBXBuildFile; fileRef = A1E89043224A819D00D2D683 /* Crow1.png */; };
		A1E94EAC21ECDAA7007E659E /* Game1ViewController.swift in Sources */ = {isa = PBXBuildFile; fileRef = A1E94EAB21ECDAA7007E659E /* Game1ViewController.swift */; };
		A1EAA6CE21DBB1B700BB1129 /* AppDelegate.swift in Sources */ = {isa = PBXBuildFile; fileRef = A1EAA6CD21DBB1B700BB1129 /* AppDelegate.swift */; };
		A1EAA6D021DBB1B700BB1129 /* ViewController.swift in Sources */ = {isa = PBXBuildFile; fileRef = A1EAA6CF21DBB1B700BB1129 /* ViewController.swift */; };
		A1EAA6D321DBB1B700BB1129 /* Main.storyboard in Resources */ = {isa = PBXBuildFile; fileRef = A1EAA6D121DBB1B700BB1129 /* Main.storyboard */; };
		A1EAA6D821DBB1B800BB1129 /* Assets.xcassets in Resources */ = {isa = PBXBuildFile; fileRef = A1EAA6D721DBB1B800BB1129 /* Assets.xcassets */; };
		A1EAA6DB21DBB1B800BB1129 /* LaunchScreen.storyboard in Resources */ = {isa = PBXBuildFile; fileRef = A1EAA6D921DBB1B800BB1129 /* LaunchScreen.storyboard */; };
		A1EAA6FF21DBD0BA00BB1129 /* MenuViewController.swift in Sources */ = {isa = PBXBuildFile; fileRef = A1EAA6FE21DBD0BA00BB1129 /* MenuViewController.swift */; };
		A1EC4F8221E26484000BE4A6 /* G1MenuViewController.swift in Sources */ = {isa = PBXBuildFile; fileRef = A1EC4F8121E26484000BE4A6 /* G1MenuViewController.swift */; };
/* End PBXBuildFile section */

/* Begin PBXContainerItemProxy section */
		A1EAA6E221DBB1B900BB1129 /* PBXContainerItemProxy */ = {
			isa = PBXContainerItemProxy;
			containerPortal = A1EAA6C221DBB1B700BB1129 /* Project object */;
			proxyType = 1;
			remoteGlobalIDString = A1EAA6C921DBB1B700BB1129;
			remoteInfo = JungleLife;
		};
		A1EAA6ED21DBB1B900BB1129 /* PBXContainerItemProxy */ = {
			isa = PBXContainerItemProxy;
			containerPortal = A1EAA6C221DBB1B700BB1129 /* Project object */;
			proxyType = 1;
			remoteGlobalIDString = A1EAA6C921DBB1B700BB1129;
			remoteInfo = JungleLife;
		};
/* End PBXContainerItemProxy section */

/* Begin PBXFileReference section */
		447C14F4AEEEAEF3AED711EC /* Pods-JungleLife.debug.xcconfig */ = {isa = PBXFileReference; includeInIndex = 1; lastKnownFileType = text.xcconfig; name = "Pods-JungleLife.debug.xcconfig"; path = "Target Support Files/Pods-JungleLife/Pods-JungleLife.debug.xcconfig"; sourceTree = "<group>"; };
		676B02FD1715E99C6853ED23 /* Pods_JungleLife.framework */ = {isa = PBXFileReference; explicitFileType = wrapper.framework; includeInIndex = 0; path = Pods_JungleLife.framework; sourceTree = BUILT_PRODUCTS_DIR; };
		A1128A7521E8F1DB00BCB3E7 /* Story1.mp4 */ = {isa = PBXFileReference; lastKnownFileType = file; name = Story1.mp4; path = "../../JFImages/森林app/Story1.mp4"; sourceTree = "<group>"; };
		A1128A7621E8F1DB00BCB3E7 /* Story2.mp4 */ = {isa = PBXFileReference; lastKnownFileType = file; name = Story2.mp4; path = "../../JFImages/森林app/Story2.mp4"; sourceTree = "<group>"; };
		A1128A7721E8F1DB00BCB3E7 /* Story3.mp4 */ = {isa = PBXFileReference; lastKnownFileType = file; name = Story3.mp4; path = "../../JFImages/森林app/Story3.mp4"; sourceTree = "<group>"; };
		A128D00922205472000609A9 /* LandscapeAVPlayerController.swift */ = {isa = PBXFileReference; lastKnownFileType = sourcecode.swift; path = LandscapeAVPlayerController.swift; sourceTree = "<group>"; };
		A17ABBC221F37578003A0C05 /* JungleLife.xcdatamodel */ = {isa = PBXFileReference; lastKnownFileType = wrapper.xcdatamodel; path = JungleLife.xcdatamodel; sourceTree = "<group>"; };
		A17ABBC421F375CD003A0C05 /* MyScore+CoreDataClass.swift */ = {isa = PBXFileReference; lastKnownFileType = sourcecode.swift; path = "MyScore+CoreDataClass.swift"; sourceTree = "<group>"; };
		A17ABBC521F375CD003A0C05 /* MyScore+CoreDataProperties.swift */ = {isa = PBXFileReference; lastKnownFileType = sourcecode.swift; path = "MyScore+CoreDataProperties.swift"; sourceTree = "<group>"; };
		A17ABBC821F39B9C003A0C05 /* TabScoreViewController.swift */ = {isa = PBXFileReference; lastKnownFileType = sourcecode.swift; path = TabScoreViewController.swift; sourceTree = "<group>"; };
		A17ABBCA21F39E3F003A0C05 /* Ranking2ViewController.swift */ = {isa = PBXFileReference; lastKnownFileType = sourcecode.swift; path = Ranking2ViewController.swift; sourceTree = "<group>"; };
		A17ABBCC21F39E54003A0C05 /* Ranking3ViewController.swift */ = {isa = PBXFileReference; lastKnownFileType = sourcecode.swift; path = Ranking3ViewController.swift; sourceTree = "<group>"; };
		A17ABBCE21F39F98003A0C05 /* MyScore3+CoreDataClass.swift */ = {isa = PBXFileReference; lastKnownFileType = sourcecode.swift; path = "MyScore3+CoreDataClass.swift"; sourceTree = "<group>"; };
		A17ABBCF21F39F98003A0C05 /* MyScore3+CoreDataProperties.swift */ = {isa = PBXFileReference; lastKnownFileType = sourcecode.swift; path = "MyScore3+CoreDataProperties.swift"; sourceTree = "<group>"; };
		A17ABBD021F39F98003A0C05 /* MyScore2+CoreDataClass.swift */ = {isa = PBXFileReference; lastKnownFileType = sourcecode.swift; path = "MyScore2+CoreDataClass.swift"; sourceTree = "<group>"; };
		A17ABBD121F39F98003A0C05 /* MyScore2+CoreDataProperties.swift */ = {isa = PBXFileReference; lastKnownFileType = sourcecode.swift; path = "MyScore2+CoreDataProperties.swift"; sourceTree = "<group>"; };
		A1AD333B22183BA40096C3E7 /* ViewAnimator.framework */ = {isa = PBXFileReference; explicitFileType = wrapper.framework; path = ViewAnimator.framework; sourceTree = BUILT_PRODUCTS_DIR; };
		A1B768AB21F4CB7300074A04 /* gameNow.mp3 */ = {isa = PBXFileReference; lastKnownFileType = audio.mp3; name = gameNow.mp3; path = ../../JFImages/jfMusic/gameNow.mp3; sourceTree = "<group>"; };
		A1B768AD21F4CC3F00074A04 /* winM.mp3 */ = {isa = PBXFileReference; lastKnownFileType = audio.mp3; name = winM.mp3; path = ../../JFImages/jfMusic/winM.mp3; sourceTree = "<group>"; };
		A1B768AF21F4CE4A00074A04 /* hunterOh.wav */ = {isa = PBXFileReference; lastKnownFileType = audio.wav; name = hunterOh.wav; path = ../../JFImages/jfMusic/hunterOh.wav; sourceTree = "<group>"; };
		A1B768B021F4CE4A00074A04 /* boyOh.wav */ = {isa = PBXFileReference; lastKnownFileType = audio.wav; name = boyOh.wav; path = ../../JFImages/jfMusic/boyOh.wav; sourceTree = "<group>"; };
		A1E4B8F621F23FFD004C3E24 /* RankingViewController.swift */ = {isa = PBXFileReference; lastKnownFileType = sourcecode.swift; path = RankingViewController.swift; sourceTree = "<group>"; };
		A1E4F27F21E4F5EB002461C8 /* WebViewController.swift */ = {isa = PBXFileReference; lastKnownFileType = sourcecode.swift; path = WebViewController.swift; sourceTree = "<group>"; };
		A1E4F28221E4F661002461C8 /* WebKit.framework */ = {isa = PBXFileReference; lastKnownFileType = wrapper.framework; name = WebKit.framework; path = System/Library/Frameworks/WebKit.framework; sourceTree = SDKROOT; };
		A1E5769B21F0CB7B00216231 /* WinViewController.swift */ = {isa = PBXFileReference; lastKnownFileType = sourcecode.swift; path = WinViewController.swift; sourceTree = "<group>"; };
		A1E5769D21F0E7E900216231 /* HowViewController.swift */ = {isa = PBXFileReference; lastKnownFileType = sourcecode.swift; path = HowViewController.swift; sourceTree = "<group>"; };
		A1E5769F21F0E9C500216231 /* MyTabViewController.swift */ = {isa = PBXFileReference; lastKnownFileType = sourcecode.swift; path = MyTabViewController.swift; sourceTree = "<group>"; };
		A1E576A121F0EAA100216231 /* How2ViewController.swift */ = {isa = PBXFileReference; lastKnownFileType = sourcecode.swift; path = How2ViewController.swift; sourceTree = "<group>"; };
		A1E576A321F0EAB200216231 /* How3ViewController.swift */ = {isa = PBXFileReference; lastKnownFileType = sourcecode.swift; path = How3ViewController.swift; sourceTree = "<group>"; };
		A1E576A521F0EAC600216231 /* How4ViewController.swift */ = {isa = PBXFileReference; lastKnownFileType = sourcecode.swift; path = How4ViewController.swift; sourceTree = "<group>"; };
		A1E60F0D2211BEBC000B19CD /* ResultTVC.swift */ = {isa = PBXFileReference; lastKnownFileType = sourcecode.swift; path = ResultTVC.swift; sourceTree = "<group>"; };
		A1E66C9B21EDF9B2002CB888 /* WordViewController.swift */ = {isa = PBXFileReference; lastKnownFileType = sourcecode.swift; path = WordViewController.swift; sourceTree = "<group>"; };
		A1E6C44A225CF1D20020C24D /* voice1 */ = {isa = PBXFileReference; lastKnownFileType = folder; path = voice1; sourceTree = "<group>"; };
		A1E6C450225D044E0020C24D /* mainM.mp3 */ = {isa = PBXFileReference; lastKnownFileType = audio.mp3; path = mainM.mp3; sourceTree = "<group>"; };
		A1E6C452225D062B0020C24D /* homeM.mp3 */ = {isa = PBXFileReference; lastKnownFileType = audio.mp3; path = homeM.mp3; sourceTree = "<group>"; };
		A1E6C454225D06FB0020C24D /* game1M.mp3 */ = {isa = PBXFileReference; lastKnownFileType = audio.mp3; path = game1M.mp3; sourceTree = "<group>"; };
		A1E6C455225D06FC0020C24D /* game2M.mp3 */ = {isa = PBXFileReference; lastKnownFileType = audio.mp3; path = game2M.mp3; sourceTree = "<group>"; };
		A1E6C458225D07690020C24D /* game3M.mp3 */ = {isa = PBXFileReference; lastKnownFileType = audio.mp3; path = game3M.mp3; sourceTree = "<group>"; };
		A1E77E8F21E64DA100D27662 /* G2MenuViewController.swift */ = {isa = PBXFileReference; lastKnownFileType = sourcecode.swift; path = G2MenuViewController.swift; sourceTree = "<group>"; };
		A1E77E9121E65E6900D27662 /* G3MenuViewController.swift */ = {isa = PBXFileReference; lastKnownFileType = sourcecode.swift; path = G3MenuViewController.swift; sourceTree = "<group>"; };
		A1E89043224A819D00D2D683 /* Crow1.png */ = {isa = PBXFileReference; lastKnownFileType = image.png; path = Crow1.png; sourceTree = "<group>"; };
		A1E94EAB21ECDAA7007E659E /* Game1ViewController.swift */ = {isa = PBXFileReference; lastKnownFileType = sourcecode.swift; path = Game1ViewController.swift; sourceTree = "<group>"; };
		A1EAA6CA21DBB1B700BB1129 /* JungleLife.app */ = {isa = PBXFileReference; explicitFileType = wrapper.application; includeInIndex = 0; path = JungleLife.app; sourceTree = BUILT_PRODUCTS_DIR; };
		A1EAA6CD21DBB1B700BB1129 /* AppDelegate.swift */ = {isa = PBXFileReference; lastKnownFileType = sourcecode.swift; path = AppDelegate.swift; sourceTree = "<group>"; };
		A1EAA6CF21DBB1B700BB1129 /* ViewController.swift */ = {isa = PBXFileReference; lastKnownFileType = sourcecode.swift; path = ViewController.swift; sourceTree = "<group>"; };
		A1EAA6D221DBB1B700BB1129 /* Base */ = {isa = PBXFileReference; lastKnownFileType = file.storyboard; name = Base; path = Base.lproj/Main.storyboard; sourceTree = "<group>"; };
		A1EAA6D721DBB1B800BB1129 /* Assets.xcassets */ = {isa = PBXFileReference; lastKnownFileType = folder.assetcatalog; path = Assets.xcassets; sourceTree = "<group>"; };
		A1EAA6DA21DBB1B800BB1129 /* Base */ = {isa = PBXFileReference; lastKnownFileType = file.storyboard; name = Base; path = Base.lproj/LaunchScreen.storyboard; sourceTree = "<group>"; };
		A1EAA6DC21DBB1B800BB1129 /* Info.plist */ = {isa = PBXFileReference; lastKnownFileType = text.plist.xml; path = Info.plist; sourceTree = "<group>"; };
		A1EAA6E121DBB1B900BB1129 /* JungleLifeTests.xctest */ = {isa = PBXFileReference; explicitFileType = wrapper.cfbundle; includeInIndex = 0; path = JungleLifeTests.xctest; sourceTree = BUILT_PRODUCTS_DIR; };
		A1EAA6EC21DBB1B900BB1129 /* JungleLifeUITests.xctest */ = {isa = PBXFileReference; explicitFileType = wrapper.cfbundle; includeInIndex = 0; path = JungleLifeUITests.xctest; sourceTree = BUILT_PRODUCTS_DIR; };
		A1EAA6FE21DBD0BA00BB1129 /* MenuViewController.swift */ = {isa = PBXFileReference; lastKnownFileType = sourcecode.swift; path = MenuViewController.swift; sourceTree = "<group>"; };
		A1EC4F8121E26484000BE4A6 /* G1MenuViewController.swift */ = {isa = PBXFileReference; lastKnownFileType = sourcecode.swift; path = G1MenuViewController.swift; sourceTree = "<group>"; };
		F8659FC178C62D5F5D2A3D4F /* Pods-JungleLife.release.xcconfig */ = {isa = PBXFileReference; includeInIndex = 1; lastKnownFileType = text.xcconfig; name = "Pods-JungleLife.release.xcconfig"; path = "Target Support Files/Pods-JungleLife/Pods-JungleLife.release.xcconfig"; sourceTree = "<group>"; };
/* End PBXFileReference section */

/* Begin PBXFrameworksBuildPhase section */
		A1EAA6C721DBB1B700BB1129 /* Frameworks */ = {
			isa = PBXFrameworksBuildPhase;
			buildActionMask = 2147483647;
			files = (
				A1AD333C22183BA40096C3E7 /* ViewAnimator.framework in Frameworks */,
				A1E4F28321E4F661002461C8 /* WebKit.framework in Frameworks */,
				7F676B6C20FDA0FF8A59EA75 /* Pods_JungleLife.framework in Frameworks */,
			);
			runOnlyForDeploymentPostprocessing = 0;
		};
		A1EAA6DE21DBB1B900BB1129 /* Frameworks */ = {
			isa = PBXFrameworksBuildPhase;
			buildActionMask = 2147483647;
			files = (
			);
			runOnlyForDeploymentPostprocessing = 0;
		};
		A1EAA6E921DBB1B900BB1129 /* Frameworks */ = {
			isa = PBXFrameworksBuildPhase;
			buildActionMask = 2147483647;
			files = (
			);
			runOnlyForDeploymentPostprocessing = 0;
		};
/* End PBXFrameworksBuildPhase section */

/* Begin PBXGroup section */
		6277CB239E216D52760FE83D /* Pods */ = {
			isa = PBXGroup;
			children = (
				447C14F4AEEEAEF3AED711EC /* Pods-JungleLife.debug.xcconfig */,
				F8659FC178C62D5F5D2A3D4F /* Pods-JungleLife.release.xcconfig */,
			);
			path = Pods;
			sourceTree = "<group>";
		};
		A1E4F28121E4F660002461C8 /* Frameworks */ = {
			isa = PBXGroup;
			children = (
				A1AD333B22183BA40096C3E7 /* ViewAnimator.framework */,
				A1E4F28221E4F661002461C8 /* WebKit.framework */,
				676B02FD1715E99C6853ED23 /* Pods_JungleLife.framework */,
			);
			name = Frameworks;
			sourceTree = "<group>";
		};
		A1EAA6C121DBB1B700BB1129 = {
			isa = PBXGroup;
			children = (
				A17ABBCE21F39F98003A0C05 /* MyScore3+CoreDataClass.swift */,
				A17ABBCF21F39F98003A0C05 /* MyScore3+CoreDataProperties.swift */,
				A17ABBD021F39F98003A0C05 /* MyScore2+CoreDataClass.swift */,
				A17ABBD121F39F98003A0C05 /* MyScore2+CoreDataProperties.swift */,
				A17ABBC421F375CD003A0C05 /* MyScore+CoreDataClass.swift */,
				A17ABBC521F375CD003A0C05 /* MyScore+CoreDataProperties.swift */,
				A1EAA6CC21DBB1B700BB1129 /* JungleLife */,
				A1EAA6CB21DBB1B700BB1129 /* Products */,
				A1E4F28121E4F660002461C8 /* Frameworks */,
				6277CB239E216D52760FE83D /* Pods */,
			);
			sourceTree = "<group>";
		};
		A1EAA6CB21DBB1B700BB1129 /* Products */ = {
			isa = PBXGroup;
			children = (
				A1EAA6CA21DBB1B700BB1129 /* JungleLife.app */,
				A1EAA6E121DBB1B900BB1129 /* JungleLifeTests.xctest */,
				A1EAA6EC21DBB1B900BB1129 /* JungleLifeUITests.xctest */,
			);
			name = Products;
			sourceTree = "<group>";
		};
		A1EAA6CC21DBB1B700BB1129 /* JungleLife */ = {
			isa = PBXGroup;
			children = (
				A1E6C44A225CF1D20020C24D /* voice1 */,
				A1E89043224A819D00D2D683 /* Crow1.png */,
				A1128A7521E8F1DB00BCB3E7 /* Story1.mp4 */,
				A1128A7621E8F1DB00BCB3E7 /* Story2.mp4 */,
				A1128A7721E8F1DB00BCB3E7 /* Story3.mp4 */,
				A1B768AB21F4CB7300074A04 /* gameNow.mp3 */,
				A1B768B021F4CE4A00074A04 /* boyOh.wav */,
				A1B768AF21F4CE4A00074A04 /* hunterOh.wav */,
				A1E6C450225D044E0020C24D /* mainM.mp3 */,
				A1B768AD21F4CC3F00074A04 /* winM.mp3 */,
				A1E6C454225D06FB0020C24D /* game1M.mp3 */,
				A1E6C458225D07690020C24D /* game3M.mp3 */,
				A1E6C455225D06FC0020C24D /* game2M.mp3 */,
				A1E6C452225D062B0020C24D /* homeM.mp3 */,
				A1EAA6CD21DBB1B700BB1129 /* AppDelegate.swift */,
				A1EAA6CF21DBB1B700BB1129 /* ViewController.swift */,
				A1EAA6D121DBB1B700BB1129 /* Main.storyboard */,
				A1EAA6D721DBB1B800BB1129 /* Assets.xcassets */,
				A1EAA6D921DBB1B800BB1129 /* LaunchScreen.storyboard */,
				A1EAA6DC21DBB1B800BB1129 /* Info.plist */,
				A17ABBC121F37578003A0C05 /* JungleLife.xcdatamodeld */,
				A1EAA6FE21DBD0BA00BB1129 /* MenuViewController.swift */,
				A1EC4F8121E26484000BE4A6 /* G1MenuViewController.swift */,
				A1E4F27F21E4F5EB002461C8 /* WebViewController.swift */,
				A1E77E8F21E64DA100D27662 /* G2MenuViewController.swift */,
				A1E77E9121E65E6900D27662 /* G3MenuViewController.swift */,
				A1E94EAB21ECDAA7007E659E /* Game1ViewController.swift */,
				A1E66C9B21EDF9B2002CB888 /* WordViewController.swift */,
				A1E5769B21F0CB7B00216231 /* WinViewController.swift */,
				A1E5769D21F0E7E900216231 /* HowViewController.swift */,
				A1E5769F21F0E9C500216231 /* MyTabViewController.swift */,
				A1E576A121F0EAA100216231 /* How2ViewController.swift */,
				A1E576A321F0EAB200216231 /* How3ViewController.swift */,
				A1E576A521F0EAC600216231 /* How4ViewController.swift */,
				A1E4B8F621F23FFD004C3E24 /* RankingViewController.swift */,
				A17ABBC821F39B9C003A0C05 /* TabScoreViewController.swift */,
				A17ABBCA21F39E3F003A0C05 /* Ranking2ViewController.swift */,
				A17ABBCC21F39E54003A0C05 /* Ranking3ViewController.swift */,
				A1E60F0D2211BEBC000B19CD /* ResultTVC.swift */,
				A128D00922205472000609A9 /* LandscapeAVPlayerController.swift */,
			);
			path = JungleLife;
			sourceTree = "<group>";
		};
/* End PBXGroup section */

/* Begin PBXNativeTarget section */
		A1EAA6C921DBB1B700BB1129 /* JungleLife */ = {
			isa = PBXNativeTarget;
			buildConfigurationList = A1EAA6F521DBB1B900BB1129 /* Build configuration list for PBXNativeTarget "JungleLife" */;
			buildPhases = (
				2BDC46736E2A2881F64600DA /* [CP] Check Pods Manifest.lock */,
				A1EAA6C621DBB1B700BB1129 /* Sources */,
				A1EAA6C721DBB1B700BB1129 /* Frameworks */,
				A1EAA6C821DBB1B700BB1129 /* Resources */,
				44772E8E68D3447EC1572856 /* [CP] Embed Pods Frameworks */,
			);
			buildRules = (
			);
			dependencies = (
			);
			name = JungleLife;
			productName = JungleLife;
			productReference = A1EAA6CA21DBB1B700BB1129 /* JungleLife.app */;
			productType = "com.apple.product-type.application";
		};
		A1EAA6E021DBB1B900BB1129 /* JungleLifeTests */ = {
			isa = PBXNativeTarget;
			buildConfigurationList = A1EAA6F821DBB1B900BB1129 /* Build configuration list for PBXNativeTarget "JungleLifeTests" */;
			buildPhases = (
				A1EAA6DD21DBB1B900BB1129 /* Sources */,
				A1EAA6DE21DBB1B900BB1129 /* Frameworks */,
				A1EAA6DF21DBB1B900BB1129 /* Resources */,
			);
			buildRules = (
			);
			dependencies = (
				A1EAA6E321DBB1B900BB1129 /* PBXTargetDependency */,
			);
			name = JungleLifeTests;
			productName = JungleLifeTests;
			productReference = A1EAA6E121DBB1B900BB1129 /* JungleLifeTests.xctest */;
			productType = "com.apple.product-type.bundle.unit-test";
		};
		A1EAA6EB21DBB1B900BB1129 /* JungleLifeUITests */ = {
			isa = PBXNativeTarget;
			buildConfigurationList = A1EAA6FB21DBB1B900BB1129 /* Build configuration list for PBXNativeTarget "JungleLifeUITests" */;
			buildPhases = (
				A1EAA6E821DBB1B900BB1129 /* Sources */,
				A1EAA6E921DBB1B900BB1129 /* Frameworks */,
				A1EAA6EA21DBB1B900BB1129 /* Resources */,
			);
			buildRules = (
			);
			dependencies = (
				A1EAA6EE21DBB1B900BB1129 /* PBXTargetDependency */,
			);
			name = JungleLifeUITests;
			productName = JungleLifeUITests;
			productReference = A1EAA6EC21DBB1B900BB1129 /* JungleLifeUITests.xctest */;
			productType = "com.apple.product-type.bundle.ui-testing";
		};
/* End PBXNativeTarget section */

/* Begin PBXProject section */
		A1EAA6C221DBB1B700BB1129 /* Project object */ = {
			isa = PBXProject;
			attributes = {
				LastSwiftUpdateCheck = 1010;
				LastUpgradeCheck = 1010;
				ORGANIZATIONNAME = Scott.com;
				TargetAttributes = {
					A1EAA6C921DBB1B700BB1129 = {
						CreatedOnToolsVersion = 10.1;
					};
					A1EAA6E021DBB1B900BB1129 = {
						CreatedOnToolsVersion = 10.1;
						TestTargetID = A1EAA6C921DBB1B700BB1129;
					};
					A1EAA6EB21DBB1B900BB1129 = {
						CreatedOnToolsVersion = 10.1;
						TestTargetID = A1EAA6C921DBB1B700BB1129;
					};
				};
			};
			buildConfigurationList = A1EAA6C521DBB1B700BB1129 /* Build configuration list for PBXProject "JungleLife" */;
			compatibilityVersion = "Xcode 9.3";
			developmentRegion = en;
			hasScannedForEncodings = 0;
			knownRegions = (
				en,
				Base,
			);
			mainGroup = A1EAA6C121DBB1B700BB1129;
			productRefGroup = A1EAA6CB21DBB1B700BB1129 /* Products */;
			projectDirPath = "";
			projectRoot = "";
			targets = (
				A1EAA6C921DBB1B700BB1129 /* JungleLife */,
				A1EAA6E021DBB1B900BB1129 /* JungleLifeTests */,
				A1EAA6EB21DBB1B900BB1129 /* JungleLifeUITests */,
			);
		};
/* End PBXProject section */

/* Begin PBXResourcesBuildPhase section */
		A1EAA6C821DBB1B700BB1129 /* Resources */ = {
			isa = PBXResourcesBuildPhase;
			buildActionMask = 2147483647;
			files = (
				A1E6C456225D06FC0020C24D /* game1M.mp3 in Resources */,
				A1B768B121F4CE4B00074A04 /* hunterOh.wav in Resources */,
				A1E6C457225D06FC0020C24D /* game2M.mp3 in Resources */,
				A1E6C453225D062B0020C24D /* homeM.mp3 in Resources */,
				A1EAA6DB21DBB1B800BB1129 /* LaunchScreen.storyboard in Resources */,
				A1EAA6D821DBB1B800BB1129 /* Assets.xcassets in Resources */,
				A1128A7921E8F1DC00BCB3E7 /* Story2.mp4 in Resources */,
				A1E6C44B225CF1D20020C24D /* voice1 in Resources */,
				A1E6C451225D044E0020C24D /* mainM.mp3 in Resources */,
				A1E6C459225D07690020C24D /* game3M.mp3 in Resources */,
				A1128A7A21E8F1DC00BCB3E7 /* Story3.mp4 in Resources */,
				A1B768AE21F4CC4000074A04 /* winM.mp3 in Resources */,
				A1E89044224A819E00D2D683 /* Crow1.png in Resources */,
				A1EAA6D321DBB1B700BB1129 /* Main.storyboard in Resources */,
				A1B768B221F4CE4B00074A04 /* boyOh.wav in Resources */,
				A1128A7821E8F1DC00BCB3E7 /* Story1.mp4 in Resources */,
				A1B768AC21F4CB7300074A04 /* gameNow.mp3 in Resources */,
			);
			runOnlyForDeploymentPostprocessing = 0;
		};
		A1EAA6DF21DBB1B900BB1129 /* Resources */ = {
			isa = PBXResourcesBuildPhase;
			buildActionMask = 2147483647;
			files = (
			);
			runOnlyForDeploymentPostprocessing = 0;
		};
		A1EAA6EA21DBB1B900BB1129 /* Resources */ = {
			isa = PBXResourcesBuildPhase;
			buildActionMask = 2147483647;
			files = (
			);
			runOnlyForDeploymentPostprocessing = 0;
		};
/* End PBXResourcesBuildPhase section */

/* Begin PBXShellScriptBuildPhase section */
		2BDC46736E2A2881F64600DA /* [CP] Check Pods Manifest.lock */ = {
			isa = PBXShellScriptBuildPhase;
			buildActionMask = 2147483647;
			files = (
			);
			inputFileListPaths = (
			);
			inputPaths = (
				"${PODS_PODFILE_DIR_PATH}/Podfile.lock",
				"${PODS_ROOT}/Manifest.lock",
			);
			name = "[CP] Check Pods Manifest.lock";
			outputFileListPaths = (
			);
			outputPaths = (
				"$(DERIVED_FILE_DIR)/Pods-JungleLife-checkManifestLockResult.txt",
			);
			runOnlyForDeploymentPostprocessing = 0;
			shellPath = /bin/sh;
			shellScript = "diff \"${PODS_PODFILE_DIR_PATH}/Podfile.lock\" \"${PODS_ROOT}/Manifest.lock\" > /dev/null\nif [ $? != 0 ] ; then\n    # print error to STDERR\n    echo \"error: The sandbox is not in sync with the Podfile.lock. Run 'pod install' or update your CocoaPods installation.\" >&2\n    exit 1\nfi\n# This output is used by Xcode 'outputs' to avoid re-running this script phase.\necho \"SUCCESS\" > \"${SCRIPT_OUTPUT_FILE_0}\"\n";
			showEnvVarsInLog = 0;
		};
		44772E8E68D3447EC1572856 /* [CP] Embed Pods Frameworks */ = {
			isa = PBXShellScriptBuildPhase;
			buildActionMask = 2147483647;
			files = (
			);
			inputFileListPaths = (
			);
			inputPaths = (
				"${PODS_ROOT}/Target Support Files/Pods-JungleLife/Pods-JungleLife-frameworks.sh",
				"${BUILT_PRODUCTS_DIR}/ViewAnimator/ViewAnimator.framework",
			);
			name = "[CP] Embed Pods Frameworks";
			outputFileListPaths = (
			);
			outputPaths = (
				"${TARGET_BUILD_DIR}/${FRAMEWORKS_FOLDER_PATH}/ViewAnimator.framework",
			);
			runOnlyForDeploymentPostprocessing = 0;
			shellPath = /bin/sh;
			shellScript = "\"${PODS_ROOT}/Target Support Files/Pods-JungleLife/Pods-JungleLife-frameworks.sh\"\n";
			showEnvVarsInLog = 0;
		};
/* End PBXShellScriptBuildPhase section */

/* Begin PBXSourcesBuildPhase section */
		A1EAA6C621DBB1B700BB1129 /* Sources */ = {
			isa = PBXSourcesBuildPhase;
			buildActionMask = 2147483647;
			files = (
				A17ABBC621F375CD003A0C05 /* MyScore+CoreDataClass.swift in Sources */,
				A1E77E9021E64DA100D27662 /* G2MenuViewController.swift in Sources */,
				A1EAA6D021DBB1B700BB1129 /* ViewController.swift in Sources */,
				A1E60F0E2211BEBC000B19CD /* ResultTVC.swift in Sources */,
				A1E66C9C21EDF9B2002CB888 /* WordViewController.swift in Sources */,
				A17ABBD321F39F98003A0C05 /* MyScore3+CoreDataProperties.swift in Sources */,
				A1E576A421F0EAB200216231 /* How3ViewController.swift in Sources */,
				A1E576A621F0EAC600216231 /* How4ViewController.swift in Sources */,
				A17ABBCB21F39E3F003A0C05 /* Ranking2ViewController.swift in Sources */,
				A17ABBCD21F39E54003A0C05 /* Ranking3ViewController.swift in Sources */,
				A17ABBD421F39F98003A0C05 /* MyScore2+CoreDataClass.swift in Sources */,
				A17ABBC321F37578003A0C05 /* JungleLife.xcdatamodeld in Sources */,
				A17ABBD221F39F98003A0C05 /* MyScore3+CoreDataClass.swift in Sources */,
				A1E4F28021E4F5EB002461C8 /* WebViewController.swift in Sources */,
				A17ABBD521F39F98003A0C05 /* MyScore2+CoreDataProperties.swift in Sources */,
				A1E77E9221E65E6900D27662 /* G3MenuViewController.swift in Sources */,
				A1EAA6CE21DBB1B700BB1129 /* AppDelegate.swift in Sources */,
				A128D00A22205472000609A9 /* LandscapeAVPlayerController.swift in Sources */,
				A1E576A021F0E9C500216231 /* MyTabViewController.swift in Sources */,
				A1EC4F8221E26484000BE4A6 /* G1MenuViewController.swift in Sources */,
				A1E4B8F721F23FFD004C3E24 /* RankingViewController.swift in Sources */,
				A1E94EAC21ECDAA7007E659E /* Game1ViewController.swift in Sources */,
				A17ABBC721F375CD003A0C05 /* MyScore+CoreDataProperties.swift in Sources */,
				A1E576A221F0EAA100216231 /* How2ViewController.swift in Sources */,
				A1EAA6FF21DBD0BA00BB1129 /* MenuViewController.swift in Sources */,
				A17ABBC921F39B9C003A0C05 /* TabScoreViewController.swift in Sources */,
				A1E5769C21F0CB7B00216231 /* WinViewController.swift in Sources */,
				A1E5769E21F0E7E900216231 /* HowViewController.swift in Sources */,
			);
			runOnlyForDeploymentPostprocessing = 0;
		};
		A1EAA6DD21DBB1B900BB1129 /* Sources */ = {
			isa = PBXSourcesBuildPhase;
			buildActionMask = 2147483647;
			files = (
			);
			runOnlyForDeploymentPostprocessing = 0;
		};
		A1EAA6E821DBB1B900BB1129 /* Sources */ = {
			isa = PBXSourcesBuildPhase;
			buildActionMask = 2147483647;
			files = (
			);
			runOnlyForDeploymentPostprocessing = 0;
		};
/* End PBXSourcesBuildPhase section */

/* Begin PBXTargetDependency section */
		A1EAA6E321DBB1B900BB1129 /* PBXTargetDependency */ = {
			isa = PBXTargetDependency;
			target = A1EAA6C921DBB1B700BB1129 /* JungleLife */;
			targetProxy = A1EAA6E221DBB1B900BB1129 /* PBXContainerItemProxy */;
		};
		A1EAA6EE21DBB1B900BB1129 /* PBXTargetDependency */ = {
			isa = PBXTargetDependency;
			target = A1EAA6C921DBB1B700BB1129 /* JungleLife */;
			targetProxy = A1EAA6ED21DBB1B900BB1129 /* PBXContainerItemProxy */;
		};
/* End PBXTargetDependency section */

/* Begin PBXVariantGroup section */
		A1EAA6D121DBB1B700BB1129 /* Main.storyboard */ = {
			isa = PBXVariantGroup;
			children = (
				A1EAA6D221DBB1B700BB1129 /* Base */,
			);
			name = Main.storyboard;
			sourceTree = "<group>";
		};
		A1EAA6D921DBB1B800BB1129 /* LaunchScreen.storyboard */ = {
			isa = PBXVariantGroup;
			children = (
				A1EAA6DA21DBB1B800BB1129 /* Base */,
			);
			name = LaunchScreen.storyboard;
			sourceTree = "<group>";
		};
/* End PBXVariantGroup section */

/* Begin XCBuildConfiguration section */
		A1EAA6F321DBB1B900BB1129 /* Debug */ = {
			isa = XCBuildConfiguration;
			buildSettings = {
				ALWAYS_SEARCH_USER_PATHS = NO;
				CLANG_ANALYZER_NONNULL = YES;
				CLANG_ANALYZER_NUMBER_OBJECT_CONVERSION = YES_AGGRESSIVE;
				CLANG_CXX_LANGUAGE_STANDARD = "gnu++14";
				CLANG_CXX_LIBRARY = "libc++";
				CLANG_ENABLE_MODULES = YES;
				CLANG_ENABLE_OBJC_ARC = YES;
				CLANG_ENABLE_OBJC_WEAK = YES;
				CLANG_WARN_BLOCK_CAPTURE_AUTORELEASING = YES;
				CLANG_WARN_BOOL_CONVERSION = YES;
				CLANG_WARN_COMMA = YES;
				CLANG_WARN_CONSTANT_CONVERSION = YES;
				CLANG_WARN_DEPRECATED_OBJC_IMPLEMENTATIONS = YES;
				CLANG_WARN_DIRECT_OBJC_ISA_USAGE = YES_ERROR;
				CLANG_WARN_DOCUMENTATION_COMMENTS = YES;
				CLANG_WARN_EMPTY_BODY = YES;
				CLANG_WARN_ENUM_CONVERSION = YES;
				CLANG_WARN_INFINITE_RECURSION = YES;
				CLANG_WARN_INT_CONVERSION = YES;
				CLANG_WARN_NON_LITERAL_NULL_CONVERSION = YES;
				CLANG_WARN_OBJC_IMPLICIT_RETAIN_SELF = YES;
				CLANG_WARN_OBJC_LITERAL_CONVERSION = YES;
				CLANG_WARN_OBJC_ROOT_CLASS = YES_ERROR;
				CLANG_WARN_RANGE_LOOP_ANALYSIS = YES;
				CLANG_WARN_STRICT_PROTOTYPES = YES;
				CLANG_WARN_SUSPICIOUS_MOVE = YES;
				CLANG_WARN_UNGUARDED_AVAILABILITY = YES_AGGRESSIVE;
				CLANG_WARN_UNREACHABLE_CODE = YES;
				CLANG_WARN__DUPLICATE_METHOD_MATCH = YES;
				CODE_SIGN_IDENTITY = "iPhone Developer";
				COPY_PHASE_STRIP = NO;
				DEBUG_INFORMATION_FORMAT = dwarf;
				ENABLE_STRICT_OBJC_MSGSEND = YES;
				ENABLE_TESTABILITY = YES;
				GCC_C_LANGUAGE_STANDARD = gnu11;
				GCC_DYNAMIC_NO_PIC = NO;
				GCC_NO_COMMON_BLOCKS = YES;
				GCC_OPTIMIZATION_LEVEL = 0;
				GCC_PREPROCESSOR_DEFINITIONS = (
					"DEBUG=1",
					"$(inherited)",
				);
				GCC_WARN_64_TO_32_BIT_CONVERSION = YES;
				GCC_WARN_ABOUT_RETURN_TYPE = YES_ERROR;
				GCC_WARN_UNDECLARED_SELECTOR = YES;
				GCC_WARN_UNINITIALIZED_AUTOS = YES_AGGRESSIVE;
				GCC_WARN_UNUSED_FUNCTION = YES;
				GCC_WARN_UNUSED_VARIABLE = YES;
				IPHONEOS_DEPLOYMENT_TARGET = 12.1;
				MTL_ENABLE_DEBUG_INFO = INCLUDE_SOURCE;
				MTL_FAST_MATH = YES;
				ONLY_ACTIVE_ARCH = YES;
				SDKROOT = iphoneos;
				SWIFT_ACTIVE_COMPILATION_CONDITIONS = DEBUG;
				SWIFT_OPTIMIZATION_LEVEL = "-Onone";
			};
			name = Debug;
		};
		A1EAA6F421DBB1B900BB1129 /* Release */ = {
			isa = XCBuildConfiguration;
			buildSettings = {
				ALWAYS_SEARCH_USER_PATHS = NO;
				CLANG_ANALYZER_NONNULL = YES;
				CLANG_ANALYZER_NUMBER_OBJECT_CONVERSION = YES_AGGRESSIVE;
				CLANG_CXX_LANGUAGE_STANDARD = "gnu++14";
				CLANG_CXX_LIBRARY = "libc++";
				CLANG_ENABLE_MODULES = YES;
				CLANG_ENABLE_OBJC_ARC = YES;
				CLANG_ENABLE_OBJC_WEAK = YES;
				CLANG_WARN_BLOCK_CAPTURE_AUTORELEASING = YES;
				CLANG_WARN_BOOL_CONVERSION = YES;
				CLANG_WARN_COMMA = YES;
				CLANG_WARN_CONSTANT_CONVERSION = YES;
				CLANG_WARN_DEPRECATED_OBJC_IMPLEMENTATIONS = YES;
				CLANG_WARN_DIRECT_OBJC_ISA_USAGE = YES_ERROR;
				CLANG_WARN_DOCUMENTATION_COMMENTS = YES;
				CLANG_WARN_EMPTY_BODY = YES;
				CLANG_WARN_ENUM_CONVERSION = YES;
				CLANG_WARN_INFINITE_RECURSION = YES;
				CLANG_WARN_INT_CONVERSION = YES;
				CLANG_WARN_NON_LITERAL_NULL_CONVERSION = YES;
				CLANG_WARN_OBJC_IMPLICIT_RETAIN_SELF = YES;
				CLANG_WARN_OBJC_LITERAL_CONVERSION = YES;
				CLANG_WARN_OBJC_ROOT_CLASS = YES_ERROR;
				CLANG_WARN_RANGE_LOOP_ANALYSIS = YES;
				CLANG_WARN_STRICT_PROTOTYPES = YES;
				CLANG_WARN_SUSPICIOUS_MOVE = YES;
				CLANG_WARN_UNGUARDED_AVAILABILITY = YES_AGGRESSIVE;
				CLANG_WARN_UNREACHABLE_CODE = YES;
				CLANG_WARN__DUPLICATE_METHOD_MATCH = YES;
				CODE_SIGN_IDENTITY = "iPhone Developer";
				COPY_PHASE_STRIP = NO;
				DEBUG_INFORMATION_FORMAT = "dwarf-with-dsym";
				ENABLE_NS_ASSERTIONS = NO;
				ENABLE_STRICT_OBJC_MSGSEND = YES;
				GCC_C_LANGUAGE_STANDARD = gnu11;
				GCC_NO_COMMON_BLOCKS = YES;
				GCC_WARN_64_TO_32_BIT_CONVERSION = YES;
				GCC_WARN_ABOUT_RETURN_TYPE = YES_ERROR;
				GCC_WARN_UNDECLARED_SELECTOR = YES;
				GCC_WARN_UNINITIALIZED_AUTOS = YES_AGGRESSIVE;
				GCC_WARN_UNUSED_FUNCTION = YES;
				GCC_WARN_UNUSED_VARIABLE = YES;
				IPHONEOS_DEPLOYMENT_TARGET = 12.1;
				MTL_ENABLE_DEBUG_INFO = NO;
				MTL_FAST_MATH = YES;
				SDKROOT = iphoneos;
				SWIFT_COMPILATION_MODE = wholemodule;
				SWIFT_OPTIMIZATION_LEVEL = "-O";
				VALIDATE_PRODUCT = YES;
			};
			name = Release;
		};
		A1EAA6F621DBB1B900BB1129 /* Debug */ = {
			isa = XCBuildConfiguration;
			baseConfigurationReference = 447C14F4AEEEAEF3AED711EC /* Pods-JungleLife.debug.xcconfig */;
			buildSettings = {
				ASSETCATALOG_COMPILER_APPICON_NAME = AppIcon;
				CODE_SIGN_STYLE = Automatic;
				DEVELOPMENT_TEAM = GFJ9N58W73;
				INFOPLIST_FILE = JungleLife/Info.plist;
				LD_RUNPATH_SEARCH_PATHS = (
					"$(inherited)",
					"@executable_path/Frameworks",
				);
				PRODUCT_BUNDLE_IDENTIFIER = com.scott.JungleLife;
				PRODUCT_MODULE_NAME = MyJungleLife;
				PRODUCT_NAME = "$(TARGET_NAME)";
				SWIFT_VERSION = 4.2;
				TARGETED_DEVICE_FAMILY = "1,2";
			};
			name = Debug;
		};
		A1EAA6F721DBB1B900BB1129 /* Release */ = {
			isa = XCBuildConfiguration;
			baseConfigurationReference = F8659FC178C62D5F5D2A3D4F /* Pods-JungleLife.release.xcconfig */;
			buildSettings = {
				ASSETCATALOG_COMPILER_APPICON_NAME = AppIcon;
				CODE_SIGN_STYLE = Automatic;
				DEVELOPMENT_TEAM = GFJ9N58W73;
				INFOPLIST_FILE = JungleLife/Info.plist;
				LD_RUNPATH_SEARCH_PATHS = (
					"$(inherited)",
					"@executable_path/Frameworks",
				);
				PRODUCT_BUNDLE_IDENTIFIER = com.scott.JungleLife;
				PRODUCT_MODULE_NAME = MyJungleLife;
				PRODUCT_NAME = "$(TARGET_NAME)";
				SWIFT_VERSION = 4.2;
				TARGETED_DEVICE_FAMILY = "1,2";
			};
			name = Release;
		};
		A1EAA6F921DBB1B900BB1129 /* Debug */ = {
			isa = XCBuildConfiguration;
			buildSettings = {
				ALWAYS_EMBED_SWIFT_STANDARD_LIBRARIES = YES;
				BUNDLE_LOADER = "$(TEST_HOST)";
				CODE_SIGN_STYLE = Automatic;
				DEVELOPMENT_TEAM = GFJ9N58W73;
				INFOPLIST_FILE = JungleLifeTests/Info.plist;
				LD_RUNPATH_SEARCH_PATHS = (
					"$(inherited)",
					"@executable_path/Frameworks",
					"@loader_path/Frameworks",
				);
				PRODUCT_BUNDLE_IDENTIFIER = scott.JungleLifeTests;
				PRODUCT_NAME = "$(TARGET_NAME)";
				SWIFT_VERSION = 4.2;
				TARGETED_DEVICE_FAMILY = "1,2";
				TEST_HOST = "$(BUILT_PRODUCTS_DIR)/JungleLife.app/JungleLife";
			};
			name = Debug;
		};
		A1EAA6FA21DBB1B900BB1129 /* Release */ = {
			isa = XCBuildConfiguration;
			buildSettings = {
				ALWAYS_EMBED_SWIFT_STANDARD_LIBRARIES = YES;
				BUNDLE_LOADER = "$(TEST_HOST)";
				CODE_SIGN_STYLE = Automatic;
				DEVELOPMENT_TEAM = GFJ9N58W73;
				INFOPLIST_FILE = JungleLifeTests/Info.plist;
				LD_RUNPATH_SEARCH_PATHS = (
					"$(inherited)",
					"@executable_path/Frameworks",
					"@loader_path/Frameworks",
				);
				PRODUCT_BUNDLE_IDENTIFIER = scott.JungleLifeTests;
				PRODUCT_NAME = "$(TARGET_NAME)";
				SWIFT_VERSION = 4.2;
				TARGETED_DEVICE_FAMILY = "1,2";
				TEST_HOST = "$(BUILT_PRODUCTS_DIR)/JungleLife.app/JungleLife";
			};
			name = Release;
		};
		A1EAA6FC21DBB1B900BB1129 /* Debug */ = {
			isa = XCBuildConfiguration;
			buildSettings = {
				ALWAYS_EMBED_SWIFT_STANDARD_LIBRARIES = YES;
				CODE_SIGN_STYLE = Automatic;
				DEVELOPMENT_TEAM = GFJ9N58W73;
				INFOPLIST_FILE = JungleLifeUITests/Info.plist;
				LD_RUNPATH_SEARCH_PATHS = (
					"$(inherited)",
					"@executable_path/Frameworks",
					"@loader_path/Frameworks",
				);
				PRODUCT_BUNDLE_IDENTIFIER = scott.JungleLifeUITests;
				PRODUCT_NAME = "$(TARGET_NAME)";
				SWIFT_VERSION = 4.2;
				TARGETED_DEVICE_FAMILY = "1,2";
				TEST_TARGET_NAME = JungleLife;
			};
			name = Debug;
		};
		A1EAA6FD21DBB1B900BB1129 /* Release */ = {
			isa = XCBuildConfiguration;
			buildSettings = {
				ALWAYS_EMBED_SWIFT_STANDARD_LIBRARIES = YES;
				CODE_SIGN_STYLE = Automatic;
				DEVELOPMENT_TEAM = GFJ9N58W73;
				INFOPLIST_FILE = JungleLifeUITests/Info.plist;
				LD_RUNPATH_SEARCH_PATHS = (
					"$(inherited)",
					"@executable_path/Frameworks",
					"@loader_path/Frameworks",
				);
				PRODUCT_BUNDLE_IDENTIFIER = scott.JungleLifeUITests;
				PRODUCT_NAME = "$(TARGET_NAME)";
				SWIFT_VERSION = 4.2;
				TARGETED_DEVICE_FAMILY = "1,2";
				TEST_TARGET_NAME = JungleLife;
			};
			name = Release;
		};
/* End XCBuildConfiguration section */

/* Begin XCConfigurationList section */
		A1EAA6C521DBB1B700BB1129 /* Build configuration list for PBXProject "JungleLife" */ = {
			isa = XCConfigurationList;
			buildConfigurations = (
				A1EAA6F321DBB1B900BB1129 /* Debug */,
				A1EAA6F421DBB1B900BB1129 /* Release */,
			);
			defaultConfigurationIsVisible = 0;
			defaultConfigurationName = Release;
		};
		A1EAA6F521DBB1B900BB1129 /* Build configuration list for PBXNativeTarget "JungleLife" */ = {
			isa = XCConfigurationList;
			buildConfigurations = (
				A1EAA6F621DBB1B900BB1129 /* Debug */,
				A1EAA6F721DBB1B900BB1129 /* Release */,
			);
			defaultConfigurationIsVisible = 0;
			defaultConfigurationName = Release;
		};
		A1EAA6F821DBB1B900BB1129 /* Build configuration list for PBXNativeTarget "JungleLifeTests" */ = {
			isa = XCConfigurationList;
			buildConfigurations = (
				A1EAA6F921DBB1B900BB1129 /* Debug */,
				A1EAA6FA21DBB1B900BB1129 /* Release */,
			);
			defaultConfigurationIsVisible = 0;
			defaultConfigurationName = Release;
		};
		A1EAA6FB21DBB1B900BB1129 /* Build configuration list for PBXNativeTarget "JungleLifeUITests" */ = {
			isa = XCConfigurationList;
			buildConfigurations = (
				A1EAA6FC21DBB1B900BB1129 /* Debug */,
				A1EAA6FD21DBB1B900BB1129 /* Release */,
			);
			defaultConfigurationIsVisible = 0;
			defaultConfigurationName = Release;
		};
/* End XCConfigurationList section */

/* Begin XCVersionGroup section */
		A17ABBC121F37578003A0C05 /* JungleLife.xcdatamodeld */ = {
			isa = XCVersionGroup;
			children = (
				A17ABBC221F37578003A0C05 /* JungleLife.xcdatamodel */,
			);
			currentVersion = A17ABBC221F37578003A0C05 /* JungleLife.xcdatamodel */;
			path = JungleLife.xcdatamodeld;
			sourceTree = "<group>";
			versionGroupType = wrapper.xcdatamodel;
		};
/* End XCVersionGroup section */
	};
	rootObject = A1EAA6C221DBB1B700BB1129 /* Project object */;
}
